
Microsoft Visual Studio Solution File, Format Version 12.00
# Visual Studio Version 17
VisualStudioVersion = 17.0.31903.59
MinimumVisualStudioVersion = 10.0.40219.1
Project("{2150E333-8FDC-42A3-9474-1A3956D46DE8}") = "src", "src", "{827E0CD3-B72D-47B6-A68D-7590B98EB39B}"
EndProject
Project("{FAE04EC0-301F-11D3-BF4B-00C04F79EFBC}") = "AETKAHVE.Domain", "src\AETKAHVE.Domain\AETKAHVE.Domain.csproj", "{640F471E-38D2-4A19-854A-6364092AB242}"
EndProject
Project("{FAE04EC0-301F-11D3-BF4B-00C04F79EFBC}") = "AETKAHVE.Application", "src\AETKAHVE.Application\AETKAHVE.Application.csproj", "{791FD25E-7978-4D57-9B9D-0D42CB5FC331}"
EndProject
Project("{FAE04EC0-301F-11D3-BF4B-00C04F79EFBC}") = "AETKAHVE.Infrastructure", "src\AETKAHVE.Infrastructure\AETKAHVE.Infrastructure.csproj", "{CBCB4BB7-8ED8-4AC0-B4B0-1D1EB005455C}"
EndProject
Project("{FAE04EC0-301F-11D3-BF4B-00C04F79EFBC}") = "AETKAHVE.Web", "src\AETKAHVE.Web\AETKAHVE.Web.csproj", "{2E116395-0138-43D2-9334-81D826B1D7FF}"
EndProject
Project("{2150E333-8FDC-42A3-9474-1A3956D46DE8}") = "tests", "tests", "{0AB3BF05-4346-4AA6-1389-037BE0695223}"
EndProject
Project("{FAE04EC0-301F-11D3-BF4B-00C04F79EFBC}") = "AETKAHVE.UnitTests", "tests\AETKAHVE.UnitTests\AETKAHVE.UnitTests.csproj", "{7DB1C473-B23C-44EA-AFB4-C4928AB5768D}"
EndProject
Project("{FAE04EC0-301F-11D3-BF4B-00C04F79EFBC}") = "AETKAHVE.IntegrationTests", "tests\AETKAHVE.IntegrationTests\AETKAHVE.IntegrationTests.csproj", "{82979ED2-5DBC-491D-8F87-2A2EA8D99729}"
EndProject
Global
	GlobalSection(SolutionConfigurationPlatforms) = preSolution
		Debug|Any CPU = Debug|Any CPU
		Debug|x64 = Debug|x64
		Debug|x86 = Debug|x86
		Release|Any CPU = Release|Any CPU
		Release|x64 = Release|x64
		Release|x86 = Release|x86
	EndGlobalSection
	GlobalSection(ProjectConfigurationPlatforms) = postSolution
		{640F471E-38D2-4A19-854A-6364092AB242}.Debug|Any CPU.ActiveCfg = Debug|Any CPU
		{640F471E-38D2-4A19-854A-6364092AB242}.Debug|Any CPU.Build.0 = Debug|Any CPU
		{640F471E-38D2-4A19-854A-6364092AB242}.Debug|x64.ActiveCfg = Debug|Any CPU
		{640F471E-38D2-4A19-854A-6364092AB242}.Debug|x64.Build.0 = Debug|Any CPU
		{640F471E-38D2-4A19-854A-6364092AB242}.Debug|x86.ActiveCfg = Debug|Any CPU
		{640F471E-38D2-4A19-854A-6364092AB242}.Debug|x86.Build.0 = Debug|Any CPU
		{640F471E-38D2-4A19-854A-6364092AB242}.Release|Any CPU.ActiveCfg = Release|Any CPU
		{640F471E-38D2-4A19-854A-6364092AB242}.Release|Any CPU.Build.0 = Release|Any CPU
		{640F471E-38D2-4A19-854A-6364092AB242}.Release|x64.ActiveCfg = Release|Any CPU
		{640F471E-38D2-4A19-854A-6364092AB242}.Release|x64.Build.0 = Release|Any CPU
		{640F471E-38D2-4A19-854A-6364092AB242}.Release|x86.ActiveCfg = Release|Any CPU
		{640F471E-38D2-4A19-854A-6364092AB242}.Release|x86.Build.0 = Release|Any CPU
		{791FD25E-7978-4D57-9B9D-0D42CB5FC331}.Debug|Any CPU.ActiveCfg = Debug|Any CPU
		{791FD25E-7978-4D57-9B9D-0D42CB5FC331}.Debug|Any CPU.Build.0 = Debug|Any CPU
		{791FD25E-7978-4D57-9B9D-0D42CB5FC331}.Debug|x64.ActiveCfg = Debug|Any CPU
		{791FD25E-7978-4D57-9B9D-0D42CB5FC331}.Debug|x64.Build.0 = Debug|Any CPU
		{791FD25E-7978-4D57-9B9D-0D42CB5FC331}.Debug|x86.ActiveCfg = Debug|Any CPU
		{791FD25E-7978-4D57-9B9D-0D42CB5FC331}.Debug|x86.Build.0 = Debug|Any CPU
		{791FD25E-7978-4D57-9B9D-0D42CB5FC331}.Release|Any CPU.ActiveCfg = Release|Any CPU
		{791FD25E-7978-4D57-9B9D-0D42CB5FC331}.Release|Any CPU.Build.0 = Release|Any CPU
		{791FD25E-7978-4D57-9B9D-0D42CB5FC331}.Release|x64.ActiveCfg = Release|Any CPU
		{791FD25E-7978-4D57-9B9D-0D42CB5FC331}.Release|x64.Build.0 = Release|Any CPU
		{791FD25E-7978-4D57-9B9D-0D42CB5FC331}.Release|x86.ActiveCfg = Release|Any CPU
		{791FD25E-7978-4D57-9B9D-0D42CB5FC331}.Release|x86.Build.0 = Release|Any CPU
		{CBCB4BB7-8ED8-4AC0-B4B0-1D1EB005455C}.Debug|Any CPU.ActiveCfg = Debug|Any CPU
		{CBCB4BB7-8ED8-4AC0-B4B0-1D1EB005455C}.Debug|Any CPU.Build.0 = Debug|Any CPU
		{CBCB4BB7-8ED8-4AC0-B4B0-1D1EB005455C}.Debug|x64.ActiveCfg = Debug|Any CPU
		{CBCB4BB7-8ED8-4AC0-B4B0-1D1EB005455C}.Debug|x64.Build.0 = Debug|Any CPU
		{CBCB4BB7-8ED8-4AC0-B4B0-1D1EB005455C}.Debug|x86.ActiveCfg = Debug|Any CPU
		{CBCB4BB7-8ED8-4AC0-B4B0-1D1EB005455C}.Debug|x86.Build.0 = Debug|Any CPU
		{CBCB4BB7-8ED8-4AC0-B4B0-1D1EB005455C}.Release|Any CPU.ActiveCfg = Release|Any CPU
		{CBCB4BB7-8ED8-4AC0-B4B0-1D1EB005455C}.Release|Any CPU.Build.0 = Release|Any CPU
		{CBCB4BB7-8ED8-4AC0-B4B0-1D1EB005455C}.Release|x64.ActiveCfg = Release|Any CPU
		{CBCB4BB7-8ED8-4AC0-B4B0-1D1EB005455C}.Release|x64.Build.0 = Release|Any CPU
		{CBCB4BB7-8ED8-4AC0-B4B0-1D1EB005455C}.Release|x86.ActiveCfg = Release|Any CPU
		{CBCB4BB7-8ED8-4AC0-B4B0-1D1EB005455C}.Release|x86.Build.0 = Release|Any CPU
		{2E116395-0138-43D2-9334-81D826B1D7FF}.Debug|Any CPU.ActiveCfg = Debug|Any CPU
		{2E116395-0138-43D2-9334-81D826B1D7FF}.Debug|Any CPU.Build.0 = Debug|Any CPU
		{2E116395-0138-43D2-9334-81D826B1D7FF}.Debug|x64.ActiveCfg = Debug|Any CPU
		{2E116395-0138-43D2-9334-81D826B1D7FF}.Debug|x64.Build.0 = Debug|Any CPU
		{2E116395-0138-43D2-9334-81D826B1D7FF}.Debug|x86.ActiveCfg = Debug|Any CPU
		{2E116395-0138-43D2-9334-81D826B1D7FF}.Debug|x86.Build.0 = Debug|Any CPU
		{2E116395-0138-43D2-9334-81D826B1D7FF}.Release|Any CPU.ActiveCfg = Release|Any CPU
		{2E116395-0138-43D2-9334-81D826B1D7FF}.Release|Any CPU.Build.0 = Release|Any CPU
		{2E116395-0138-43D2-9334-81D826B1D7FF}.Release|x64.ActiveCfg = Release|Any CPU
		{2E116395-0138-43D2-9334-81D826B1D7FF}.Release|x64.Build.0 = Release|Any CPU
		{2E116395-0138-43D2-9334-81D826B1D7FF}.Release|x86.ActiveCfg = Release|Any CPU
		{2E116395-0138-43D2-9334-81D826B1D7FF}.Release|x86.Build.0 = Release|Any CPU
		{7DB1C473-B23C-44EA-AFB4-C4928AB5768D}.Debug|Any CPU.ActiveCfg = Debug|Any CPU
		{7DB1C473-B23C-44EA-AFB4-C4928AB5768D}.Debug|Any CPU.Build.0 = Debug|Any CPU
		{7DB1C473-B23C-44EA-AFB4-C4928AB5768D}.Debug|x64.ActiveCfg = Debug|Any CPU
		{7DB1C473-B23C-44EA-AFB4-C4928AB5768D}.Debug|x64.Build.0 = Debug|Any CPU
		{7DB1C473-B23C-44EA-AFB4-C4928AB5768D}.Debug|x86.ActiveCfg = Debug|Any CPU
		{7DB1C473-B23C-44EA-AFB4-C4928AB5768D}.Debug|x86.Build.0 = Debug|Any CPU
		{7DB1C473-B23C-44EA-AFB4-C4928AB5768D}.Release|Any CPU.ActiveCfg = Release|Any CPU
		{7DB1C473-B23C-44EA-AFB4-C4928AB5768D}.Release|Any CPU.Build.0 = Release|Any CPU
		{7DB1C473-B23C-44EA-AFB4-C4928AB5768D}.Release|x64.ActiveCfg = Release|Any CPU
		{7DB1C473-B23C-44EA-AFB4-C4928AB5768D}.Release|x64.Build.0 = Release|Any CPU
		{7DB1C473-B23C-44EA-AFB4-C4928AB5768D}.Release|x86.ActiveCfg = Release|Any CPU
		{7DB1C473-B23C-44EA-AFB4-C4928AB5768D}.Release|x86.Build.0 = Release|Any CPU
		{82979ED2-5DBC-491D-8F87-2A2EA8D99729}.Debug|Any CPU.ActiveCfg = Debug|Any CPU
		{82979ED2-5DBC-491D-8F87-2A2EA8D99729}.Debug|Any CPU.Build.0 = Debug|Any CPU
		{82979ED2-5DBC-491D-8F87-2A2EA8D99729}.Debug|x64.ActiveCfg = Debug|Any CPU
		{82979ED2-5DBC-491D-8F87-2A2EA8D99729}.Debug|x64.Build.0 = Debug|Any CPU
		{82979ED2-5DBC-491D-8F87-2A2EA8D99729}.Debug|x86.ActiveCfg = Debug|Any CPU
		{82979ED2-5DBC-491D-8F87-2A2EA8D99729}.Debug|x86.Build.0 = Debug|Any CPU
		{82979ED2-5DBC-491D-8F87-2A2EA8D99729}.Release|Any CPU.ActiveCfg = Release|Any CPU
		{82979ED2-5DBC-491D-8F87-2A2EA8D99729}.Release|Any CPU.Build.0 = Release|Any CPU
		{82979ED2-5DBC-491D-8F87-2A2EA8D99729}.Release|x64.ActiveCfg = Release|Any CPU
		{82979ED2-5DBC-491D-8F87-2A2EA8D99729}.Release|x64.Build.0 = Release|Any CPU
		{82979ED2-5DBC-491D-8F87-2A2EA8D99729}.Release|x86.ActiveCfg = Release|Any CPU
		{82979ED2-5DBC-491D-8F87-2A2EA8D99729}.Release|x86.Build.0 = Release|Any CPU
	EndGlobalSection
	GlobalSection(SolutionProperties) = preSolution
		HideSolutionNode = FALSE
	EndGlobalSection
	GlobalSection(NestedProjects) = preSolution
		{640F471E-38D2-4A19-854A-6364092AB242} = {827E0CD3-B72D-47B6-A68D-7590B98EB39B}
		{791FD25E-7978-4D57-9B9D-0D42CB5FC331} = {827E0CD3-B72D-47B6-A68D-7590B98EB39B}
		{CBCB4BB7-8ED8-4AC0-B4B0-1D1EB005455C} = {827E0CD3-B72D-47B6-A68D-7590B98EB39B}
		{2E116395-0138-43D2-9334-81D826B1D7FF} = {827E0CD3-B72D-47B6-A68D-7590B98EB39B}
		{7DB1C473-B23C-44EA-AFB4-C4928AB5768D} = {0AB3BF05-4346-4AA6-1389-037BE0695223}
		{82979ED2-5DBC-491D-8F87-2A2EA8D99729} = {0AB3BF05-4346-4AA6-1389-037BE0695223}
	EndGlobalSection
EndGlobal
